
Microsoft Visual Studio Solution File, Format Version 11.00
# Visual Studio 2010
Project("{FAE04EC0-301F-11D3-BF4B-00C04F79EFBC}") = "Assembly-CSharp", "Assembly-CSharp.csproj", "{a1bf1dd5-56ea-d3aa-3091-664bccbb9afb}"
EndProject
Project("{FAE04EC0-301F-11D3-BF4B-00C04F79EFBC}") = "Unity.XR.Interaction.Toolkit.Samples.StarterAssets", "Unity.XR.Interaction.Toolkit.Samples.StarterAssets.csproj", "{d62395aa-2b6a-12ca-631f-4ba010683fe4}"
EndProject
Project("{FAE04EC0-301F-11D3-BF4B-00C04F79EFBC}") = "Assembly-CSharp-firstpass", "Assembly-CSharp-firstpass.csproj", "{7c063c2f-5d54-42d5-1b92-5e59c540e1ed}"
EndProject
Project("{FAE04EC0-301F-11D3-BF4B-00C04F79EFBC}") = "Assembly-CSharp-Editor", "Assembly-CSharp-Editor.csproj", "{96293dfa-3730-8688-b105-7443b830bb59}"
EndProject
Global
	GlobalSection(SolutionConfigurationPlatforms) = preSolution
		Debug|Any CPU = Debug|Any CPU
	EndGlobalSection
	GlobalSection(ProjectConfigurationPlatforms) = postSolution
		{a1bf1dd5-56ea-d3aa-3091-664bccbb9afb}.Debug|Any CPU.ActiveCfg = Debug|Any CPU
		{a1bf1dd5-56ea-d3aa-3091-664bccbb9afb}.Debug|Any CPU.Build.0 = Debug|Any CPU
		{d62395aa-2b6a-12ca-631f-4ba010683fe4}.Debug|Any CPU.ActiveCfg = Debug|Any CPU
		{d62395aa-2b6a-12ca-631f-4ba010683fe4}.Debug|Any CPU.Build.0 = Debug|Any CPU
		{7c063c2f-5d54-42d5-1b92-5e59c540e1ed}.Debug|Any CPU.ActiveCfg = Debug|Any CPU
		{7c063c2f-5d54-42d5-1b92-5e59c540e1ed}.Debug|Any CPU.Build.0 = Debug|Any CPU
		{96293dfa-3730-8688-b105-7443b830bb59}.Debug|Any CPU.ActiveCfg = Debug|Any CPU
		{96293dfa-3730-8688-b105-7443b830bb59}.Debug|Any CPU.Build.0 = Debug|Any CPU
	EndGlobalSection
	GlobalSection(SolutionProperties) = preSolution
		HideSolutionNode = FALSE
	EndGlobalSection
EndGlobal
